
Microsoft Visual Studio Solution File, Format Version 12.00
# Visual Studio 2013
VisualStudioVersion = 12.0.40629.0
MinimumVisualStudioVersion = 10.0.40219.1
Project("{8BC9CEB8-8B4A-11D0-8D11-00A0C91BC942}") = "Billys3DBillards", "Source\Billys3DBillards.vcxproj", "{F54D43F3-B31D-4F4E-9B3F-D4B7EB3D5905}"
EndProject
Global
	GlobalSection(SolutionConfigurationPlatforms) = preSolution
		Debug|Win32 = Debug|Win32
		Release|Win32 = Release|Win32
	EndGlobalSection
	GlobalSection(ProjectConfigurationPlatforms) = postSolution
		{F54D43F3-B31D-4F4E-9B3F-D4B7EB3D5905}.Debug|Win32.ActiveCfg = Debug|Win32
		{F54D43F3-B31D-4F4E-9B3F-D4B7EB3D5905}.Debug|Win32.Build.0 = Debug|Win32
		{F54D43F3-B31D-4F4E-9B3F-D4B7EB3D5905}.Release|Win32.ActiveCfg = Release|Win32
		{F54D43F3-B31D-4F4E-9B3F-D4B7EB3D5905}.Release|Win32.Build.0 = Release|Win32
	EndGlobalSection
	GlobalSection(SolutionProperties) = preSolution
		HideSolutionNode = FALSE
	EndGlobalSection
EndGlobal
